
Microsoft Visual Studio Solution File, Format Version 12.00
# Visual Studio Version 17
VisualStudioVersion = 17.9.34701.34
MinimumVisualStudioVersion = 10.0.40219.1
Project("{9A19103F-16F7-4668-BE54-9A1E7A4F7556}") = "IPEK.Courses.Server", "IPEK.Courses.Server\IPEK.Courses.Server.csproj", "{30DB99E4-8732-4775-9564-29BDA0E2B997}"
EndProject
Project("{54A90642-561A-4BB1-A94E-469ADEE60C69}") = "ipek.courses.client", "ipek.courses.client\ipek.courses.client.esproj", "{19BD8D35-8939-4EE8-8973-33C448053018}"
EndProject
Project("{2150E333-8FDC-42A3-9474-1A3956D46DE8}") = "Элементы решения", "Элементы решения", "{874FAAB7-CA22-41E7-99A4-61EAEC5F103B}"
	ProjectSection(SolutionItems) = preProject
		.gitignore = .gitignore
	EndProjectSection
EndProject
Global
	GlobalSection(SolutionConfigurationPlatforms) = preSolution
		Debug|Any CPU = Debug|Any CPU
		Release|Any CPU = Release|Any CPU
	EndGlobalSection
	GlobalSection(ProjectConfigurationPlatforms) = postSolution
		{30DB99E4-8732-4775-9564-29BDA0E2B997}.Debug|Any CPU.ActiveCfg = Debug|Any CPU
		{30DB99E4-8732-4775-9564-29BDA0E2B997}.Debug|Any CPU.Build.0 = Debug|Any CPU
		{30DB99E4-8732-4775-9564-29BDA0E2B997}.Release|Any CPU.ActiveCfg = Release|Any CPU
		{30DB99E4-8732-4775-9564-29BDA0E2B997}.Release|Any CPU.Build.0 = Release|Any CPU
		{19BD8D35-8939-4EE8-8973-33C448053018}.Debug|Any CPU.ActiveCfg = Debug|Any CPU
		{19BD8D35-8939-4EE8-8973-33C448053018}.Debug|Any CPU.Build.0 = Debug|Any CPU
		{19BD8D35-8939-4EE8-8973-33C448053018}.Debug|Any CPU.Deploy.0 = Debug|Any CPU
		{19BD8D35-8939-4EE8-8973-33C448053018}.Release|Any CPU.ActiveCfg = Release|Any CPU
		{19BD8D35-8939-4EE8-8973-33C448053018}.Release|Any CPU.Build.0 = Release|Any CPU
		{19BD8D35-8939-4EE8-8973-33C448053018}.Release|Any CPU.Deploy.0 = Release|Any CPU
	EndGlobalSection
	GlobalSection(SolutionProperties) = preSolution
		HideSolutionNode = FALSE
	EndGlobalSection
	GlobalSection(ExtensibilityGlobals) = postSolution
		SolutionGuid = {03B589D9-59D2-4D46-9CA6-F481CECC902B}
	EndGlobalSection
EndGlobal
